// !$*UTF8*$!
{
	archiveVersion = 1;
	classes = {
	};
	objectVersion = 46;
	objects = {

/* Begin PBXBuildFile section */
		9507AEFC1BDFA40F00052869 /* main.swift in Sources */ = {isa = PBXBuildFile; fileRef = 9507AEFB1BDFA40F00052869 /* main.swift */; };
		952F9D321BE25510003BA320 /* main.swift in Sources */ = {isa = PBXBuildFile; fileRef = 952F9D311BE25510003BA320 /* main.swift */; };
		953D851F1BDCFCB000BED5F8 /* main.swift in Sources */ = {isa = PBXBuildFile; fileRef = 953D851E1BDCFCB000BED5F8 /* main.swift */; };
		954FC6591BD7CDC600F41C01 /* main.swift in Sources */ = {isa = PBXBuildFile; fileRef = 954FC6581BD7CDC600F41C01 /* main.swift */; };
		955107921BE78060006436A3 /* main.swift in Sources */ = {isa = PBXBuildFile; fileRef = 955107911BE78060006436A3 /* main.swift */; };
		9551079D1BE7840A006436A3 /* main.swift in Sources */ = {isa = PBXBuildFile; fileRef = 9551079C1BE7840A006436A3 /* main.swift */; };
		955107A81BE78430006436A3 /* main.swift in Sources */ = {isa = PBXBuildFile; fileRef = 955107A71BE78430006436A3 /* main.swift */; };
		955107B31BE78458006436A3 /* main.swift in Sources */ = {isa = PBXBuildFile; fileRef = 955107B21BE78458006436A3 /* main.swift */; };
		95880D5E1BD3911500929F93 /* main.swift in Sources */ = {isa = PBXBuildFile; fileRef = 95880D5D1BD3911500929F93 /* main.swift */; };
		9599D1431BD65F58000FDC00 /* main.swift in Sources */ = {isa = PBXBuildFile; fileRef = 9599D1421BD65F58000FDC00 /* main.swift */; };
		9599D14E1BD66AB5000FDC00 /* main.swift in Sources */ = {isa = PBXBuildFile; fileRef = 9599D14D1BD66AB5000FDC00 /* main.swift */; };
		959E8B591BE8EE5D003D1BB0 /* main.swift in Sources */ = {isa = PBXBuildFile; fileRef = 959E8B581BE8EE5D003D1BB0 /* main.swift */; };
		95ACF22F1BCE9FA9006B5261 /* main.swift in Sources */ = {isa = PBXBuildFile; fileRef = 95ACF22E1BCE9FA9006B5261 /* main.swift */; };
		95B720391BCFDFF2005A2DA3 /* main.swift in Sources */ = {isa = PBXBuildFile; fileRef = 95B720381BCFDFF2005A2DA3 /* main.swift */; };
		95B720441BCFEDDA005A2DA3 /* main.swift in Sources */ = {isa = PBXBuildFile; fileRef = 95B720431BCFEDDA005A2DA3 /* main.swift */; };
		95C741BB1BF0E1A200D7AA14 /* main.swift in Sources */ = {isa = PBXBuildFile; fileRef = 95C741BA1BF0E1A200D7AA14 /* main.swift */; };
		95EF6F451BD137B6000E378A /* main.swift in Sources */ = {isa = PBXBuildFile; fileRef = 95EF6F441BD137B6000E378A /* main.swift */; };
		95F2D3601BE0F7F8007AD45E /* main.swift in Sources */ = {isa = PBXBuildFile; fileRef = 95F2D35F1BE0F7F8007AD45E /* main.swift */; };
/* End PBXBuildFile section */

/* Begin PBXCopyFilesBuildPhase section */
		9507AEF71BDFA40F00052869 /* CopyFiles */ = {
			isa = PBXCopyFilesBuildPhase;
			buildActionMask = 2147483647;
			dstPath = /usr/share/man/man1/;
			dstSubfolderSpec = 0;
			files = (
			);
			runOnlyForDeploymentPostprocessing = 1;
		};
		952F9D2D1BE25510003BA320 /* CopyFiles */ = {
			isa = PBXCopyFilesBuildPhase;
			buildActionMask = 2147483647;
			dstPath = /usr/share/man/man1/;
			dstSubfolderSpec = 0;
			files = (
			);
			runOnlyForDeploymentPostprocessing = 1;
		};
		953D851A1BDCFCB000BED5F8 /* CopyFiles */ = {
			isa = PBXCopyFilesBuildPhase;
			buildActionMask = 2147483647;
			dstPath = /usr/share/man/man1/;
			dstSubfolderSpec = 0;
			files = (
			);
			runOnlyForDeploymentPostprocessing = 1;
		};
		954FC6541BD7CDC600F41C01 /* CopyFiles */ = {
			isa = PBXCopyFilesBuildPhase;
			buildActionMask = 2147483647;
			dstPath = /usr/share/man/man1/;
			dstSubfolderSpec = 0;
			files = (
			);
			runOnlyForDeploymentPostprocessing = 1;
		};
		9551078D1BE78060006436A3 /* CopyFiles */ = {
			isa = PBXCopyFilesBuildPhase;
			buildActionMask = 2147483647;
			dstPath = /usr/share/man/man1/;
			dstSubfolderSpec = 0;
			files = (
			);
			runOnlyForDeploymentPostprocessing = 1;
		};
		955107981BE7840A006436A3 /* CopyFiles */ = {
			isa = PBXCopyFilesBuildPhase;
			buildActionMask = 2147483647;
			dstPath = /usr/share/man/man1/;
			dstSubfolderSpec = 0;
			files = (
			);
			runOnlyForDeploymentPostprocessing = 1;
		};
		955107A31BE78430006436A3 /* CopyFiles */ = {
			isa = PBXCopyFilesBuildPhase;
			buildActionMask = 2147483647;
			dstPath = /usr/share/man/man1/;
			dstSubfolderSpec = 0;
			files = (
			);
			runOnlyForDeploymentPostprocessing = 1;
		};
		955107AE1BE78458006436A3 /* CopyFiles */ = {
			isa = PBXCopyFilesBuildPhase;
			buildActionMask = 2147483647;
			dstPath = /usr/share/man/man1/;
			dstSubfolderSpec = 0;
			files = (
			);
			runOnlyForDeploymentPostprocessing = 1;
		};
		95880D591BD3911500929F93 /* CopyFiles */ = {
			isa = PBXCopyFilesBuildPhase;
			buildActionMask = 2147483647;
			dstPath = /usr/share/man/man1/;
			dstSubfolderSpec = 0;
			files = (
			);
			runOnlyForDeploymentPostprocessing = 1;
		};
		9599D13E1BD65F58000FDC00 /* CopyFiles */ = {
			isa = PBXCopyFilesBuildPhase;
			buildActionMask = 2147483647;
			dstPath = /usr/share/man/man1/;
			dstSubfolderSpec = 0;
			files = (
			);
			runOnlyForDeploymentPostprocessing = 1;
		};
		9599D1491BD66AB5000FDC00 /* CopyFiles */ = {
			isa = PBXCopyFilesBuildPhase;
			buildActionMask = 2147483647;
			dstPath = /usr/share/man/man1/;
			dstSubfolderSpec = 0;
			files = (
			);
			runOnlyForDeploymentPostprocessing = 1;
		};
		959E8B541BE8EE5D003D1BB0 /* CopyFiles */ = {
			isa = PBXCopyFilesBuildPhase;
			buildActionMask = 2147483647;
			dstPath = /usr/share/man/man1/;
			dstSubfolderSpec = 0;
			files = (
			);
			runOnlyForDeploymentPostprocessing = 1;
		};
		95ACF2291BCE9FA9006B5261 /* CopyFiles */ = {
			isa = PBXCopyFilesBuildPhase;
			buildActionMask = 2147483647;
			dstPath = /usr/share/man/man1/;
			dstSubfolderSpec = 0;
			files = (
			);
			runOnlyForDeploymentPostprocessing = 1;
		};
		95B720341BCFDFF2005A2DA3 /* CopyFiles */ = {
			isa = PBXCopyFilesBuildPhase;
			buildActionMask = 2147483647;
			dstPath = /usr/share/man/man1/;
			dstSubfolderSpec = 0;
			files = (
			);
			runOnlyForDeploymentPostprocessing = 1;
		};
		95B7203F1BCFEDDA005A2DA3 /* CopyFiles */ = {
			isa = PBXCopyFilesBuildPhase;
			buildActionMask = 2147483647;
			dstPath = /usr/share/man/man1/;
			dstSubfolderSpec = 0;
			files = (
			);
			runOnlyForDeploymentPostprocessing = 1;
		};
		95C741B61BF0E1A200D7AA14 /* CopyFiles */ = {
			isa = PBXCopyFilesBuildPhase;
			buildActionMask = 2147483647;
			dstPath = /usr/share/man/man1/;
			dstSubfolderSpec = 0;
			files = (
			);
			runOnlyForDeploymentPostprocessing = 1;
		};
		95EF6F401BD137B6000E378A /* CopyFiles */ = {
			isa = PBXCopyFilesBuildPhase;
			buildActionMask = 2147483647;
			dstPath = /usr/share/man/man1/;
			dstSubfolderSpec = 0;
			files = (
			);
			runOnlyForDeploymentPostprocessing = 1;
		};
		95F2D35B1BE0F7F8007AD45E /* CopyFiles */ = {
			isa = PBXCopyFilesBuildPhase;
			buildActionMask = 2147483647;
			dstPath = /usr/share/man/man1/;
			dstSubfolderSpec = 0;
			files = (
			);
			runOnlyForDeploymentPostprocessing = 1;
		};
/* End PBXCopyFilesBuildPhase section */

/* Begin PBXFileReference section */
		9507AEF91BDFA40F00052869 /* Closure */ = {isa = PBXFileReference; explicitFileType = "compiled.mach-o.executable"; includeInIndex = 0; path = Closure; sourceTree = BUILT_PRODUCTS_DIR; };
		9507AEFB1BDFA40F00052869 /* main.swift */ = {isa = PBXFileReference; lastKnownFileType = sourcecode.swift; path = main.swift; sourceTree = "<group>"; };
		952F9D2F1BE25510003BA320 /* ClassAndStructures */ = {isa = PBXFileReference; explicitFileType = "compiled.mach-o.executable"; includeInIndex = 0; path = ClassAndStructures; sourceTree = BUILT_PRODUCTS_DIR; };
		952F9D311BE25510003BA320 /* main.swift */ = {isa = PBXFileReference; lastKnownFileType = sourcecode.swift; path = main.swift; sourceTree = "<group>"; };
		953D851C1BDCFCB000BED5F8 /* function */ = {isa = PBXFileReference; explicitFileType = "compiled.mach-o.executable"; includeInIndex = 0; path = function; sourceTree = BUILT_PRODUCTS_DIR; };
		953D851E1BDCFCB000BED5F8 /* main.swift */ = {isa = PBXFileReference; lastKnownFileType = sourcecode.swift; path = main.swift; sourceTree = "<group>"; };
		954FC6561BD7CDC600F41C01 /* ControlTransfer(continueBreakReturnThrow) */ = {isa = PBXFileReference; explicitFileType = "compiled.mach-o.executable"; includeInIndex = 0; path = "ControlTransfer(continueBreakReturnThrow)"; sourceTree = BUILT_PRODUCTS_DIR; };
		954FC6581BD7CDC600F41C01 /* main.swift */ = {isa = PBXFileReference; lastKnownFileType = sourcecode.swift; path = main.swift; sourceTree = "<group>"; };
		9551078F1BE78060006436A3 /* Properties */ = {isa = PBXFileReference; explicitFileType = "compiled.mach-o.executable"; includeInIndex = 0; path = Properties; sourceTree = BUILT_PRODUCTS_DIR; };
		955107911BE78060006436A3 /* main.swift */ = {isa = PBXFileReference; lastKnownFileType = sourcecode.swift; path = main.swift; sourceTree = "<group>"; };
		9551079A1BE7840A006436A3 /* Methods */ = {isa = PBXFileReference; explicitFileType = "compiled.mach-o.executable"; includeInIndex = 0; path = Methods; sourceTree = BUILT_PRODUCTS_DIR; };
		9551079C1BE7840A006436A3 /* main.swift */ = {isa = PBXFileReference; lastKnownFileType = sourcecode.swift; path = main.swift; sourceTree = "<group>"; };
		955107A51BE78430006436A3 /* Subscripts */ = {isa = PBXFileReference; explicitFileType = "compiled.mach-o.executable"; includeInIndex = 0; path = Subscripts; sourceTree = BUILT_PRODUCTS_DIR; };
		955107A71BE78430006436A3 /* main.swift */ = {isa = PBXFileReference; lastKnownFileType = sourcecode.swift; path = main.swift; sourceTree = "<group>"; };
		955107B01BE78458006436A3 /* Inheritance */ = {isa = PBXFileReference; explicitFileType = "compiled.mach-o.executable"; includeInIndex = 0; path = Inheritance; sourceTree = BUILT_PRODUCTS_DIR; };
		955107B21BE78458006436A3 /* main.swift */ = {isa = PBXFileReference; lastKnownFileType = sourcecode.swift; path = main.swift; sourceTree = "<group>"; };
		95880D5B1BD3911500929F93 /* Set */ = {isa = PBXFileReference; explicitFileType = "compiled.mach-o.executable"; includeInIndex = 0; path = Set; sourceTree = BUILT_PRODUCTS_DIR; };
		95880D5D1BD3911500929F93 /* main.swift */ = {isa = PBXFileReference; lastKnownFileType = sourcecode.swift; path = main.swift; sourceTree = "<group>"; };
		9599D1401BD65F58000FDC00 /* ControlFlow */ = {isa = PBXFileReference; explicitFileType = "compiled.mach-o.executable"; includeInIndex = 0; path = ControlFlow; sourceTree = BUILT_PRODUCTS_DIR; };
		9599D1421BD65F58000FDC00 /* main.swift */ = {isa = PBXFileReference; lastKnownFileType = sourcecode.swift; path = main.swift; sourceTree = "<group>"; };
		9599D14B1BD66AB5000FDC00 /* ConditionalStatements */ = {isa = PBXFileReference; explicitFileType = "compiled.mach-o.executable"; includeInIndex = 0; path = ConditionalStatements; sourceTree = BUILT_PRODUCTS_DIR; };
		9599D14D1BD66AB5000FDC00 /* main.swift */ = {isa = PBXFileReference; lastKnownFileType = sourcecode.swift; path = main.swift; sourceTree = "<group>"; };
		959E8B561BE8EE5D003D1BB0 /* Initialization */ = {isa = PBXFileReference; explicitFileType = "compiled.mach-o.executable"; includeInIndex = 0; path = Initialization; sourceTree = BUILT_PRODUCTS_DIR; };
		959E8B581BE8EE5D003D1BB0 /* main.swift */ = {isa = PBXFileReference; lastKnownFileType = sourcecode.swift; path = main.swift; sourceTree = "<group>"; };
		95ACF22B1BCE9FA9006B5261 /* SwiftBasisStudy */ = {isa = PBXFileReference; explicitFileType = "compiled.mach-o.executable"; includeInIndex = 0; path = SwiftBasisStudy; sourceTree = BUILT_PRODUCTS_DIR; };
		95ACF22E1BCE9FA9006B5261 /* main.swift */ = {isa = PBXFileReference; lastKnownFileType = sourcecode.swift; path = main.swift; sourceTree = "<group>"; };
		95B720361BCFDFF2005A2DA3 /* ArrayStudy */ = {isa = PBXFileReference; explicitFileType = "compiled.mach-o.executable"; includeInIndex = 0; path = ArrayStudy; sourceTree = BUILT_PRODUCTS_DIR; };
		95B720381BCFDFF2005A2DA3 /* main.swift */ = {isa = PBXFileReference; lastKnownFileType = sourcecode.swift; path = main.swift; sourceTree = "<group>"; };
		95B720411BCFEDDA005A2DA3 /* DictionaryStudy */ = {isa = PBXFileReference; explicitFileType = "compiled.mach-o.executable"; includeInIndex = 0; path = DictionaryStudy; sourceTree = BUILT_PRODUCTS_DIR; };
		95B720431BCFEDDA005A2DA3 /* main.swift */ = {isa = PBXFileReference; lastKnownFileType = sourcecode.swift; path = main.swift; sourceTree = "<group>"; };
		95C741B81BF0E1A200D7AA14 /* Deinitialization */ = {isa = PBXFileReference; explicitFileType = "compiled.mach-o.executable"; includeInIndex = 0; path = Deinitialization; sourceTree = BUILT_PRODUCTS_DIR; };
		95C741BA1BF0E1A200D7AA14 /* main.swift */ = {isa = PBXFileReference; lastKnownFileType = sourcecode.swift; path = main.swift; sourceTree = "<group>"; };
		95EF6F421BD137B6000E378A /* StringAndCharacter */ = {isa = PBXFileReference; explicitFileType = "compiled.mach-o.executable"; includeInIndex = 0; path = StringAndCharacter; sourceTree = BUILT_PRODUCTS_DIR; };
		95EF6F441BD137B6000E378A /* main.swift */ = {isa = PBXFileReference; lastKnownFileType = sourcecode.swift; path = main.swift; sourceTree = "<group>"; };
		95F2D35D1BE0F7F8007AD45E /* Enumerations */ = {isa = PBXFileReference; explicitFileType = "compiled.mach-o.executable"; includeInIndex = 0; path = Enumerations; sourceTree = BUILT_PRODUCTS_DIR; };
		95F2D35F1BE0F7F8007AD45E /* main.swift */ = {isa = PBXFileReference; lastKnownFileType = sourcecode.swift; path = main.swift; sourceTree = "<group>"; };
/* End PBXFileReference section */

/* Begin PBXFrameworksBuildPhase section */
		9507AEF61BDFA40F00052869 /* Frameworks */ = {
			isa = PBXFrameworksBuildPhase;
			buildActionMask = 2147483647;
			files = (
			);
			runOnlyForDeploymentPostprocessing = 0;
		};
		952F9D2C1BE25510003BA320 /* Frameworks */ = {
			isa = PBXFrameworksBuildPhase;
			buildActionMask = 2147483647;
			files = (
			);
			runOnlyForDeploymentPostprocessing = 0;
		};
		953D85191BDCFCB000BED5F8 /* Frameworks */ = {
			isa = PBXFrameworksBuildPhase;
			buildActionMask = 2147483647;
			files = (
			);
			runOnlyForDeploymentPostprocessing = 0;
		};
		954FC6531BD7CDC600F41C01 /* Frameworks */ = {
			isa = PBXFrameworksBuildPhase;
			buildActionMask = 2147483647;
			files = (
			);
			runOnlyForDeploymentPostprocessing = 0;
		};
		9551078C1BE78060006436A3 /* Frameworks */ = {
			isa = PBXFrameworksBuildPhase;
			buildActionMask = 2147483647;
			files = (
			);
			runOnlyForDeploymentPostprocessing = 0;
		};
		955107971BE7840A006436A3 /* Frameworks */ = {
			isa = PBXFrameworksBuildPhase;
			buildActionMask = 2147483647;
			files = (
			);
			runOnlyForDeploymentPostprocessing = 0;
		};
		955107A21BE78430006436A3 /* Frameworks */ = {
			isa = PBXFrameworksBuildPhase;
			buildActionMask = 2147483647;
			files = (
			);
			runOnlyForDeploymentPostprocessing = 0;
		};
		955107AD1BE78458006436A3 /* Frameworks */ = {
			isa = PBXFrameworksBuildPhase;
			buildActionMask = 2147483647;
			files = (
			);
			runOnlyForDeploymentPostprocessing = 0;
		};
		95880D581BD3911500929F93 /* Frameworks */ = {
			isa = PBXFrameworksBuildPhase;
			buildActionMask = 2147483647;
			files = (
			);
			runOnlyForDeploymentPostprocessing = 0;
		};
		9599D13D1BD65F58000FDC00 /* Frameworks */ = {
			isa = PBXFrameworksBuildPhase;
			buildActionMask = 2147483647;
			files = (
			);
			runOnlyForDeploymentPostprocessing = 0;
		};
		9599D1481BD66AB5000FDC00 /* Frameworks */ = {
			isa = PBXFrameworksBuildPhase;
			buildActionMask = 2147483647;
			files = (
			);
			runOnlyForDeploymentPostprocessing = 0;
		};
		959E8B531BE8EE5D003D1BB0 /* Frameworks */ = {
			isa = PBXFrameworksBuildPhase;
			buildActionMask = 2147483647;
			files = (
			);
			runOnlyForDeploymentPostprocessing = 0;
		};
		95ACF2281BCE9FA9006B5261 /* Frameworks */ = {
			isa = PBXFrameworksBuildPhase;
			buildActionMask = 2147483647;
			files = (
			);
			runOnlyForDeploymentPostprocessing = 0;
		};
		95B720331BCFDFF2005A2DA3 /* Frameworks */ = {
			isa = PBXFrameworksBuildPhase;
			buildActionMask = 2147483647;
			files = (
			);
			runOnlyForDeploymentPostprocessing = 0;
		};
		95B7203E1BCFEDDA005A2DA3 /* Frameworks */ = {
			isa = PBXFrameworksBuildPhase;
			buildActionMask = 2147483647;
			files = (
			);
			runOnlyForDeploymentPostprocessing = 0;
		};
		95C741B51BF0E1A200D7AA14 /* Frameworks */ = {
			isa = PBXFrameworksBuildPhase;
			buildActionMask = 2147483647;
			files = (
			);
			runOnlyForDeploymentPostprocessing = 0;
		};
		95EF6F3F1BD137B6000E378A /* Frameworks */ = {
			isa = PBXFrameworksBuildPhase;
			buildActionMask = 2147483647;
			files = (
			);
			runOnlyForDeploymentPostprocessing = 0;
		};
		95F2D35A1BE0F7F8007AD45E /* Frameworks */ = {
			isa = PBXFrameworksBuildPhase;
			buildActionMask = 2147483647;
			files = (
			);
			runOnlyForDeploymentPostprocessing = 0;
		};
/* End PBXFrameworksBuildPhase section */

/* Begin PBXGroup section */
		9507AEFA1BDFA40F00052869 /* Closure */ = {
			isa = PBXGroup;
			children = (
				9507AEFB1BDFA40F00052869 /* main.swift */,
			);
			path = Closure;
			sourceTree = "<group>";
		};
		952F9D301BE25510003BA320 /* ClassAndStructures */ = {
			isa = PBXGroup;
			children = (
				952F9D311BE25510003BA320 /* main.swift */,
			);
			path = ClassAndStructures;
			sourceTree = "<group>";
		};
		953D851D1BDCFCB000BED5F8 /* function */ = {
			isa = PBXGroup;
			children = (
				953D851E1BDCFCB000BED5F8 /* main.swift */,
			);
			path = function;
			sourceTree = "<group>";
		};
		954FC6571BD7CDC600F41C01 /* ControlTransfer(continueBreakReturnThrow) */ = {
			isa = PBXGroup;
			children = (
				954FC6581BD7CDC600F41C01 /* main.swift */,
			);
			path = "ControlTransfer(continueBreakReturnThrow)";
			sourceTree = "<group>";
		};
		955107901BE78060006436A3 /* Properties */ = {
			isa = PBXGroup;
			children = (
				955107911BE78060006436A3 /* main.swift */,
			);
			path = Properties;
			sourceTree = "<group>";
		};
		9551079B1BE7840A006436A3 /* Methods */ = {
			isa = PBXGroup;
			children = (
				9551079C1BE7840A006436A3 /* main.swift */,
			);
			path = Methods;
			sourceTree = "<group>";
		};
		955107A61BE78430006436A3 /* Subscripts */ = {
			isa = PBXGroup;
			children = (
				955107A71BE78430006436A3 /* main.swift */,
			);
			path = Subscripts;
			sourceTree = "<group>";
		};
		955107B11BE78458006436A3 /* Inheritance */ = {
			isa = PBXGroup;
			children = (
				955107B21BE78458006436A3 /* main.swift */,
			);
			path = Inheritance;
			sourceTree = "<group>";
		};
		95880D5C1BD3911500929F93 /* Set */ = {
			isa = PBXGroup;
			children = (
				95880D5D1BD3911500929F93 /* main.swift */,
			);
			path = Set;
			sourceTree = "<group>";
		};
		9599D1411BD65F58000FDC00 /* ControlFlow(ForAndWhile) */ = {
			isa = PBXGroup;
			children = (
				9599D1421BD65F58000FDC00 /* main.swift */,
			);
			name = "ControlFlow(ForAndWhile)";
			path = ControlFlow;
			sourceTree = "<group>";
		};
		9599D14C1BD66AB5000FDC00 /* ConditionalStatement(ifAndswitch) */ = {
			isa = PBXGroup;
			children = (
				9599D14D1BD66AB5000FDC00 /* main.swift */,
			);
			name = "ConditionalStatement(ifAndswitch)";
			path = ConditionalStatements;
			sourceTree = "<group>";
		};
		959E8B571BE8EE5D003D1BB0 /* Initialization */ = {
			isa = PBXGroup;
			children = (
				959E8B581BE8EE5D003D1BB0 /* main.swift */,
			);
			path = Initialization;
			sourceTree = "<group>";
		};
		95ACF2221BCE9FA9006B5261 = {
			isa = PBXGroup;
			children = (
				95ACF22D1BCE9FA9006B5261 /* SwiftBasisStudy */,
				95B720371BCFDFF2005A2DA3 /* Array */,
				95B720421BCFEDDA005A2DA3 /* Dictionary */,
				95EF6F431BD137B6000E378A /* StringAndCharacter */,
				95880D5C1BD3911500929F93 /* Set */,
				9599D1411BD65F58000FDC00 /* ControlFlow(ForAndWhile) */,
				9599D14C1BD66AB5000FDC00 /* ConditionalStatement(ifAndswitch) */,
				954FC6571BD7CDC600F41C01 /* ControlTransfer(continueBreakReturnThrow) */,
				953D851D1BDCFCB000BED5F8 /* function */,
				9507AEFA1BDFA40F00052869 /* Closure */,
				95F2D35E1BE0F7F8007AD45E /* Enumerations */,
				952F9D301BE25510003BA320 /* ClassAndStructures */,
				955107901BE78060006436A3 /* Properties */,
				9551079B1BE7840A006436A3 /* Methods */,
				955107A61BE78430006436A3 /* Subscripts */,
				955107B11BE78458006436A3 /* Inheritance */,
				959E8B571BE8EE5D003D1BB0 /* Initialization */,
				95C741B91BF0E1A200D7AA14 /* Deinitialization */,
				95ACF22C1BCE9FA9006B5261 /* Products */,
			);
			sourceTree = "<group>";
		};
		95ACF22C1BCE9FA9006B5261 /* Products */ = {
			isa = PBXGroup;
			children = (
				95ACF22B1BCE9FA9006B5261 /* SwiftBasisStudy */,
				95B720361BCFDFF2005A2DA3 /* ArrayStudy */,
				95B720411BCFEDDA005A2DA3 /* DictionaryStudy */,
				95EF6F421BD137B6000E378A /* StringAndCharacter */,
				95880D5B1BD3911500929F93 /* Set */,
				9599D1401BD65F58000FDC00 /* ControlFlow */,
				9599D14B1BD66AB5000FDC00 /* ConditionalStatements */,
				954FC6561BD7CDC600F41C01 /* ControlTransfer(continueBreakReturnThrow) */,
				953D851C1BDCFCB000BED5F8 /* function */,
				9507AEF91BDFA40F00052869 /* Closure */,
				95F2D35D1BE0F7F8007AD45E /* Enumerations */,
				952F9D2F1BE25510003BA320 /* ClassAndStructures */,
				9551078F1BE78060006436A3 /* Properties */,
				9551079A1BE7840A006436A3 /* Methods */,
				955107A51BE78430006436A3 /* Subscripts */,
				955107B01BE78458006436A3 /* Inheritance */,
				959E8B561BE8EE5D003D1BB0 /* Initialization */,
				95C741B81BF0E1A200D7AA14 /* Deinitialization */,
			);
			name = Products;
			sourceTree = "<group>";
		};
		95ACF22D1BCE9FA9006B5261 /* SwiftBasisStudy */ = {
			isa = PBXGroup;
			children = (
				95ACF22E1BCE9FA9006B5261 /* main.swift */,
			);
			path = SwiftBasisStudy;
			sourceTree = "<group>";
		};
		95B720371BCFDFF2005A2DA3 /* Array */ = {
			isa = PBXGroup;
			children = (
				95B720381BCFDFF2005A2DA3 /* main.swift */,
			);
			name = Array;
			path = ArrayStudy;
			sourceTree = "<group>";
		};
		95B720421BCFEDDA005A2DA3 /* Dictionary */ = {
			isa = PBXGroup;
			children = (
				95B720431BCFEDDA005A2DA3 /* main.swift */,
			);
			name = Dictionary;
			path = DictionaryStudy;
			sourceTree = "<group>";
		};
		95C741B91BF0E1A200D7AA14 /* Deinitialization */ = {
			isa = PBXGroup;
			children = (
				95C741BA1BF0E1A200D7AA14 /* main.swift */,
			);
			path = Deinitialization;
			sourceTree = "<group>";
		};
		95EF6F431BD137B6000E378A /* StringAndCharacter */ = {
			isa = PBXGroup;
			children = (
				95EF6F441BD137B6000E378A /* main.swift */,
			);
			path = StringAndCharacter;
			sourceTree = "<group>";
		};
		95F2D35E1BE0F7F8007AD45E /* Enumerations */ = {
			isa = PBXGroup;
			children = (
				95F2D35F1BE0F7F8007AD45E /* main.swift */,
			);
			path = Enumerations;
			sourceTree = "<group>";
		};
/* End PBXGroup section */

/* Begin PBXNativeTarget section */
		9507AEF81BDFA40F00052869 /* Closure */ = {
			isa = PBXNativeTarget;
			buildConfigurationList = 9507AEFF1BDFA40F00052869 /* Build configuration list for PBXNativeTarget "Closure" */;
			buildPhases = (
				9507AEF51BDFA40F00052869 /* Sources */,
				9507AEF61BDFA40F00052869 /* Frameworks */,
				9507AEF71BDFA40F00052869 /* CopyFiles */,
			);
			buildRules = (
			);
			dependencies = (
			);
			name = Closure;
			productName = Closure;
			productReference = 9507AEF91BDFA40F00052869 /* Closure */;
			productType = "com.apple.product-type.tool";
		};
		952F9D2E1BE25510003BA320 /* ClassAndStructures */ = {
			isa = PBXNativeTarget;
			buildConfigurationList = 952F9D351BE25510003BA320 /* Build configuration list for PBXNativeTarget "ClassAndStructures" */;
			buildPhases = (
				952F9D2B1BE25510003BA320 /* Sources */,
				952F9D2C1BE25510003BA320 /* Frameworks */,
				952F9D2D1BE25510003BA320 /* CopyFiles */,
			);
			buildRules = (
			);
			dependencies = (
			);
			name = ClassAndStructures;
			productName = ClassAndStructures;
			productReference = 952F9D2F1BE25510003BA320 /* ClassAndStructures */;
			productType = "com.apple.product-type.tool";
		};
		953D851B1BDCFCB000BED5F8 /* function */ = {
			isa = PBXNativeTarget;
			buildConfigurationList = 953D85221BDCFCB000BED5F8 /* Build configuration list for PBXNativeTarget "function" */;
			buildPhases = (
				953D85181BDCFCB000BED5F8 /* Sources */,
				953D85191BDCFCB000BED5F8 /* Frameworks */,
				953D851A1BDCFCB000BED5F8 /* CopyFiles */,
			);
			buildRules = (
			);
			dependencies = (
			);
			name = function;
			productName = function;
			productReference = 953D851C1BDCFCB000BED5F8 /* function */;
			productType = "com.apple.product-type.tool";
		};
		954FC6551BD7CDC600F41C01 /* ControlTransfer(continueBreakReturnThrow) */ = {
			isa = PBXNativeTarget;
			buildConfigurationList = 954FC65C1BD7CDC600F41C01 /* Build configuration list for PBXNativeTarget "ControlTransfer(continueBreakReturnThrow)" */;
			buildPhases = (
				954FC6521BD7CDC600F41C01 /* Sources */,
				954FC6531BD7CDC600F41C01 /* Frameworks */,
				954FC6541BD7CDC600F41C01 /* CopyFiles */,
			);
			buildRules = (
			);
			dependencies = (
			);
			name = "ControlTransfer(continueBreakReturnThrow)";
			productName = "ControlTransfer(continueBreakReturnThrow)";
			productReference = 954FC6561BD7CDC600F41C01 /* ControlTransfer(continueBreakReturnThrow) */;
			productType = "com.apple.product-type.tool";
		};
		9551078E1BE78060006436A3 /* Properties */ = {
			isa = PBXNativeTarget;
			buildConfigurationList = 955107951BE78060006436A3 /* Build configuration list for PBXNativeTarget "Properties" */;
			buildPhases = (
				9551078B1BE78060006436A3 /* Sources */,
				9551078C1BE78060006436A3 /* Frameworks */,
				9551078D1BE78060006436A3 /* CopyFiles */,
			);
			buildRules = (
			);
			dependencies = (
			);
			name = Properties;
			productName = Properties;
			productReference = 9551078F1BE78060006436A3 /* Properties */;
			productType = "com.apple.product-type.tool";
		};
		955107991BE7840A006436A3 /* Methods */ = {
			isa = PBXNativeTarget;
			buildConfigurationList = 9551079E1BE7840A006436A3 /* Build configuration list for PBXNativeTarget "Methods" */;
			buildPhases = (
				955107961BE7840A006436A3 /* Sources */,
				955107971BE7840A006436A3 /* Frameworks */,
				955107981BE7840A006436A3 /* CopyFiles */,
			);
			buildRules = (
			);
			dependencies = (
			);
			name = Methods;
			productName = Methods;
			productReference = 9551079A1BE7840A006436A3 /* Methods */;
			productType = "com.apple.product-type.tool";
		};
		955107A41BE78430006436A3 /* Subscripts */ = {
			isa = PBXNativeTarget;
			buildConfigurationList = 955107A91BE78430006436A3 /* Build configuration list for PBXNativeTarget "Subscripts" */;
			buildPhases = (
				955107A11BE78430006436A3 /* Sources */,
				955107A21BE78430006436A3 /* Frameworks */,
				955107A31BE78430006436A3 /* CopyFiles */,
			);
			buildRules = (
			);
			dependencies = (
			);
			name = Subscripts;
			productName = Subscripts;
			productReference = 955107A51BE78430006436A3 /* Subscripts */;
			productType = "com.apple.product-type.tool";
		};
		955107AF1BE78458006436A3 /* Inheritance */ = {
			isa = PBXNativeTarget;
			buildConfigurationList = 955107B41BE78458006436A3 /* Build configuration list for PBXNativeTarget "Inheritance" */;
			buildPhases = (
				955107AC1BE78458006436A3 /* Sources */,
				955107AD1BE78458006436A3 /* Frameworks */,
				955107AE1BE78458006436A3 /* CopyFiles */,
			);
			buildRules = (
			);
			dependencies = (
			);
			name = Inheritance;
			productName = Inheritance;
			productReference = 955107B01BE78458006436A3 /* Inheritance */;
			productType = "com.apple.product-type.tool";
		};
		95880D5A1BD3911500929F93 /* Set */ = {
			isa = PBXNativeTarget;
			buildConfigurationList = 95880D611BD3911500929F93 /* Build configuration list for PBXNativeTarget "Set" */;
			buildPhases = (
				95880D571BD3911500929F93 /* Sources */,
				95880D581BD3911500929F93 /* Frameworks */,
				95880D591BD3911500929F93 /* CopyFiles */,
			);
			buildRules = (
			);
			dependencies = (
			);
			name = Set;
			productName = Set;
			productReference = 95880D5B1BD3911500929F93 /* Set */;
			productType = "com.apple.product-type.tool";
		};
		9599D13F1BD65F58000FDC00 /* ControlFlow */ = {
			isa = PBXNativeTarget;
			buildConfigurationList = 9599D1461BD65F58000FDC00 /* Build configuration list for PBXNativeTarget "ControlFlow" */;
			buildPhases = (
				9599D13C1BD65F58000FDC00 /* Sources */,
				9599D13D1BD65F58000FDC00 /* Frameworks */,
				9599D13E1BD65F58000FDC00 /* CopyFiles */,
			);
			buildRules = (
			);
			dependencies = (
			);
			name = ControlFlow;
			productName = ControlFlow;
			productReference = 9599D1401BD65F58000FDC00 /* ControlFlow */;
			productType = "com.apple.product-type.tool";
		};
		9599D14A1BD66AB5000FDC00 /* ConditionalStatements */ = {
			isa = PBXNativeTarget;
			buildConfigurationList = 9599D14F1BD66AB5000FDC00 /* Build configuration list for PBXNativeTarget "ConditionalStatements" */;
			buildPhases = (
				9599D1471BD66AB5000FDC00 /* Sources */,
				9599D1481BD66AB5000FDC00 /* Frameworks */,
				9599D1491BD66AB5000FDC00 /* CopyFiles */,
			);
			buildRules = (
			);
			dependencies = (
			);
			name = ConditionalStatements;
			productName = ConditionalStatements;
			productReference = 9599D14B1BD66AB5000FDC00 /* ConditionalStatements */;
			productType = "com.apple.product-type.tool";
		};
		959E8B551BE8EE5D003D1BB0 /* Initialization */ = {
			isa = PBXNativeTarget;
			buildConfigurationList = 959E8B5C1BE8EE5D003D1BB0 /* Build configuration list for PBXNativeTarget "Initialization" */;
			buildPhases = (
				959E8B521BE8EE5D003D1BB0 /* Sources */,
				959E8B531BE8EE5D003D1BB0 /* Frameworks */,
				959E8B541BE8EE5D003D1BB0 /* CopyFiles */,
			);
			buildRules = (
			);
			dependencies = (
			);
			name = Initialization;
			productName = Initialization;
			productReference = 959E8B561BE8EE5D003D1BB0 /* Initialization */;
			productType = "com.apple.product-type.tool";
		};
		95ACF22A1BCE9FA9006B5261 /* SwiftBasisStudy */ = {
			isa = PBXNativeTarget;
			buildConfigurationList = 95ACF2321BCE9FA9006B5261 /* Build configuration list for PBXNativeTarget "SwiftBasisStudy" */;
			buildPhases = (
				95ACF2271BCE9FA9006B5261 /* Sources */,
				95ACF2281BCE9FA9006B5261 /* Frameworks */,
				95ACF2291BCE9FA9006B5261 /* CopyFiles */,
			);
			buildRules = (
			);
			dependencies = (
			);
			name = SwiftBasisStudy;
			productName = SwiftBasisStudy;
			productReference = 95ACF22B1BCE9FA9006B5261 /* SwiftBasisStudy */;
			productType = "com.apple.product-type.tool";
		};
		95B720351BCFDFF2005A2DA3 /* ArrayStudy */ = {
			isa = PBXNativeTarget;
			buildConfigurationList = 95B7203A1BCFDFF2005A2DA3 /* Build configuration list for PBXNativeTarget "ArrayStudy" */;
			buildPhases = (
				95B720321BCFDFF2005A2DA3 /* Sources */,
				95B720331BCFDFF2005A2DA3 /* Frameworks */,
				95B720341BCFDFF2005A2DA3 /* CopyFiles */,
			);
			buildRules = (
			);
			dependencies = (
			);
			name = ArrayStudy;
			productName = ArrayStudy;
			productReference = 95B720361BCFDFF2005A2DA3 /* ArrayStudy */;
			productType = "com.apple.product-type.tool";
		};
		95B720401BCFEDDA005A2DA3 /* DictionaryStudy */ = {
			isa = PBXNativeTarget;
			buildConfigurationList = 95B720451BCFEDDA005A2DA3 /* Build configuration list for PBXNativeTarget "DictionaryStudy" */;
			buildPhases = (
				95B7203D1BCFEDDA005A2DA3 /* Sources */,
				95B7203E1BCFEDDA005A2DA3 /* Frameworks */,
				95B7203F1BCFEDDA005A2DA3 /* CopyFiles */,
			);
			buildRules = (
			);
			dependencies = (
			);
			name = DictionaryStudy;
			productName = DictionaryStudy;
			productReference = 95B720411BCFEDDA005A2DA3 /* DictionaryStudy */;
			productType = "com.apple.product-type.tool";
		};
		95C741B71BF0E1A200D7AA14 /* Deinitialization */ = {
			isa = PBXNativeTarget;
			buildConfigurationList = 95C741BE1BF0E1A200D7AA14 /* Build configuration list for PBXNativeTarget "Deinitialization" */;
			buildPhases = (
				95C741B41BF0E1A200D7AA14 /* Sources */,
				95C741B51BF0E1A200D7AA14 /* Frameworks */,
				95C741B61BF0E1A200D7AA14 /* CopyFiles */,
			);
			buildRules = (
			);
			dependencies = (
			);
			name = Deinitialization;
			productName = Deinitialization;
			productReference = 95C741B81BF0E1A200D7AA14 /* Deinitialization */;
			productType = "com.apple.product-type.tool";
		};
		95EF6F411BD137B6000E378A /* StringAndCharacter */ = {
			isa = PBXNativeTarget;
			buildConfigurationList = 95EF6F461BD137B6000E378A /* Build configuration list for PBXNativeTarget "StringAndCharacter" */;
			buildPhases = (
				95EF6F3E1BD137B6000E378A /* Sources */,
				95EF6F3F1BD137B6000E378A /* Frameworks */,
				95EF6F401BD137B6000E378A /* CopyFiles */,
			);
			buildRules = (
			);
			dependencies = (
			);
			name = StringAndCharacter;
			productName = StringAndCharacter;
			productReference = 95EF6F421BD137B6000E378A /* StringAndCharacter */;
			productType = "com.apple.product-type.tool";
		};
		95F2D35C1BE0F7F8007AD45E /* Enumerations */ = {
			isa = PBXNativeTarget;
			buildConfigurationList = 95F2D3631BE0F7F8007AD45E /* Build configuration list for PBXNativeTarget "Enumerations" */;
			buildPhases = (
				95F2D3591BE0F7F8007AD45E /* Sources */,
				95F2D35A1BE0F7F8007AD45E /* Frameworks */,
				95F2D35B1BE0F7F8007AD45E /* CopyFiles */,
			);
			buildRules = (
			);
			dependencies = (
			);
			name = Enumerations;
			productName = Enumerations;
			productReference = 95F2D35D1BE0F7F8007AD45E /* Enumerations */;
			productType = "com.apple.product-type.tool";
		};
/* End PBXNativeTarget section */

/* Begin PBXProject section */
		95ACF2231BCE9FA9006B5261 /* Project object */ = {
			isa = PBXProject;
			attributes = {
				LastSwiftUpdateCheck = 0710;
				LastUpgradeCheck = 0700;
				ORGANIZATIONNAME = xianghaitao;
				TargetAttributes = {
					9507AEF81BDFA40F00052869 = {
						CreatedOnToolsVersion = 7.1;
					};
					952F9D2E1BE25510003BA320 = {
						CreatedOnToolsVersion = 7.1;
					};
					953D851B1BDCFCB000BED5F8 = {
						CreatedOnToolsVersion = 7.1;
					};
					954FC6551BD7CDC600F41C01 = {
						CreatedOnToolsVersion = 7.0.1;
					};
					9551078E1BE78060006436A3 = {
						CreatedOnToolsVersion = 7.1;
					};
					955107991BE7840A006436A3 = {
						CreatedOnToolsVersion = 7.1;
					};
					955107A41BE78430006436A3 = {
						CreatedOnToolsVersion = 7.1;
					};
					955107AF1BE78458006436A3 = {
						CreatedOnToolsVersion = 7.1;
					};
					95880D5A1BD3911500929F93 = {
						CreatedOnToolsVersion = 7.0.1;
					};
					9599D13F1BD65F58000FDC00 = {
						CreatedOnToolsVersion = 7.0.1;
					};
					9599D14A1BD66AB5000FDC00 = {
						CreatedOnToolsVersion = 7.0.1;
					};
					959E8B551BE8EE5D003D1BB0 = {
						CreatedOnToolsVersion = 7.1;
					};
					95ACF22A1BCE9FA9006B5261 = {
						CreatedOnToolsVersion = 7.0.1;
					};
					95B720351BCFDFF2005A2DA3 = {
						CreatedOnToolsVersion = 7.0.1;
					};
					95B720401BCFEDDA005A2DA3 = {
						CreatedOnToolsVersion = 7.0.1;
					};
					95C741B71BF0E1A200D7AA14 = {
						CreatedOnToolsVersion = 7.1;
					};
					95EF6F411BD137B6000E378A = {
						CreatedOnToolsVersion = 7.0.1;
					};
					95F2D35C1BE0F7F8007AD45E = {
						CreatedOnToolsVersion = 7.1;
					};
				};
			};
			buildConfigurationList = 95ACF2261BCE9FA9006B5261 /* Build configuration list for PBXProject "SwiftBasisStudy" */;
			compatibilityVersion = "Xcode 3.2";
			developmentRegion = English;
			hasScannedForEncodings = 0;
			knownRegions = (
				en,
			);
			mainGroup = 95ACF2221BCE9FA9006B5261;
			productRefGroup = 95ACF22C1BCE9FA9006B5261 /* Products */;
			projectDirPath = "";
			projectRoot = "";
			targets = (
				95ACF22A1BCE9FA9006B5261 /* SwiftBasisStudy */,
				95B720351BCFDFF2005A2DA3 /* ArrayStudy */,
				95B720401BCFEDDA005A2DA3 /* DictionaryStudy */,
				95EF6F411BD137B6000E378A /* StringAndCharacter */,
				95880D5A1BD3911500929F93 /* Set */,
				9599D13F1BD65F58000FDC00 /* ControlFlow */,
				9599D14A1BD66AB5000FDC00 /* ConditionalStatements */,
				954FC6551BD7CDC600F41C01 /* ControlTransfer(continueBreakReturnThrow) */,
				953D851B1BDCFCB000BED5F8 /* function */,
				9507AEF81BDFA40F00052869 /* Closure */,
				95F2D35C1BE0F7F8007AD45E /* Enumerations */,
				952F9D2E1BE25510003BA320 /* ClassAndStructures */,
				9551078E1BE78060006436A3 /* Properties */,
				955107991BE7840A006436A3 /* Methods */,
				955107A41BE78430006436A3 /* Subscripts */,
				955107AF1BE78458006436A3 /* Inheritance */,
				959E8B551BE8EE5D003D1BB0 /* Initialization */,
				95C741B71BF0E1A200D7AA14 /* Deinitialization */,
			);
		};
/* End PBXProject section */

/* Begin PBXSourcesBuildPhase section */
		9507AEF51BDFA40F00052869 /* Sources */ = {
			isa = PBXSourcesBuildPhase;
			buildActionMask = 2147483647;
			files = (
				9507AEFC1BDFA40F00052869 /* main.swift in Sources */,
			);
			runOnlyForDeploymentPostprocessing = 0;
		};
		952F9D2B1BE25510003BA320 /* Sources */ = {
			isa = PBXSourcesBuildPhase;
			buildActionMask = 2147483647;
			files = (
				952F9D321BE25510003BA320 /* main.swift in Sources */,
			);
			runOnlyForDeploymentPostprocessing = 0;
		};
		953D85181BDCFCB000BED5F8 /* Sources */ = {
			isa = PBXSourcesBuildPhase;
			buildActionMask = 2147483647;
			files = (
				953D851F1BDCFCB000BED5F8 /* main.swift in Sources */,
			);
			runOnlyForDeploymentPostprocessing = 0;
		};
		954FC6521BD7CDC600F41C01 /* Sources */ = {
			isa = PBXSourcesBuildPhase;
			buildActionMask = 2147483647;
			files = (
				954FC6591BD7CDC600F41C01 /* main.swift in Sources */,
			);
			runOnlyForDeploymentPostprocessing = 0;
		};
		9551078B1BE78060006436A3 /* Sources */ = {
			isa = PBXSourcesBuildPhase;
			buildActionMask = 2147483647;
			files = (
				955107921BE78060006436A3 /* main.swift in Sources */,
			);
			runOnlyForDeploymentPostprocessing = 0;
		};
		955107961BE7840A006436A3 /* Sources */ = {
			isa = PBXSourcesBuildPhase;
			buildActionMask = 2147483647;
			files = (
				9551079D1BE7840A006436A3 /* main.swift in Sources */,
			);
			runOnlyForDeploymentPostprocessing = 0;
		};
		955107A11BE78430006436A3 /* Sources */ = {
			isa = PBXSourcesBuildPhase;
			buildActionMask = 2147483647;
			files = (
				955107A81BE78430006436A3 /* main.swift in Sources */,
			);
			runOnlyForDeploymentPostprocessing = 0;
		};
		955107AC1BE78458006436A3 /* Sources */ = {
			isa = PBXSourcesBuildPhase;
			buildActionMask = 2147483647;
			files = (
				955107B31BE78458006436A3 /* main.swift in Sources */,
			);
			runOnlyForDeploymentPostprocessing = 0;
		};
		95880D571BD3911500929F93 /* Sources */ = {
			isa = PBXSourcesBuildPhase;
			buildActionMask = 2147483647;
			files = (
				95880D5E1BD3911500929F93 /* main.swift in Sources */,
			);
			runOnlyForDeploymentPostprocessing = 0;
		};
		9599D13C1BD65F58000FDC00 /* Sources */ = {
			isa = PBXSourcesBuildPhase;
			buildActionMask = 2147483647;
			files = (
				9599D1431BD65F58000FDC00 /* main.swift in Sources */,
			);
			runOnlyForDeploymentPostprocessing = 0;
		};
		9599D1471BD66AB5000FDC00 /* Sources */ = {
			isa = PBXSourcesBuildPhase;
			buildActionMask = 2147483647;
			files = (
				9599D14E1BD66AB5000FDC00 /* main.swift in Sources */,
			);
			runOnlyForDeploymentPostprocessing = 0;
		};
		959E8B521BE8EE5D003D1BB0 /* Sources */ = {
			isa = PBXSourcesBuildPhase;
			buildActionMask = 2147483647;
			files = (
				959E8B591BE8EE5D003D1BB0 /* main.swift in Sources */,
			);
			runOnlyForDeploymentPostprocessing = 0;
		};
		95ACF2271BCE9FA9006B5261 /* Sources */ = {
			isa = PBXSourcesBuildPhase;
			buildActionMask = 2147483647;
			files = (
				95ACF22F1BCE9FA9006B5261 /* main.swift in Sources */,
			);
			runOnlyForDeploymentPostprocessing = 0;
		};
		95B720321BCFDFF2005A2DA3 /* Sources */ = {
			isa = PBXSourcesBuildPhase;
			buildActionMask = 2147483647;
			files = (
				95B720391BCFDFF2005A2DA3 /* main.swift in Sources */,
			);
			runOnlyForDeploymentPostprocessing = 0;
		};
		95B7203D1BCFEDDA005A2DA3 /* Sources */ = {
			isa = PBXSourcesBuildPhase;
			buildActionMask = 2147483647;
			files = (
				95B720441BCFEDDA005A2DA3 /* main.swift in Sources */,
			);
			runOnlyForDeploymentPostprocessing = 0;
		};
		95C741B41BF0E1A200D7AA14 /* Sources */ = {
			isa = PBXSourcesBuildPhase;
			buildActionMask = 2147483647;
			files = (
				95C741BB1BF0E1A200D7AA14 /* main.swift in Sources */,
			);
			runOnlyForDeploymentPostprocessing = 0;
		};
		95EF6F3E1BD137B6000E378A /* Sources */ = {
			isa = PBXSourcesBuildPhase;
			buildActionMask = 2147483647;
			files = (
				95EF6F451BD137B6000E378A /* main.swift in Sources */,
			);
			runOnlyForDeploymentPostprocessing = 0;
		};
		95F2D3591BE0F7F8007AD45E /* Sources */ = {
			isa = PBXSourcesBuildPhase;
			buildActionMask = 2147483647;
			files = (
				95F2D3601BE0F7F8007AD45E /* main.swift in Sources */,
			);
			runOnlyForDeploymentPostprocessing = 0;
		};
/* End PBXSourcesBuildPhase section */

/* Begin XCBuildConfiguration section */
		9507AEFD1BDFA40F00052869 /* Debug */ = {
			isa = XCBuildConfiguration;
			buildSettings = {
				CODE_SIGN_IDENTITY = "-";
				PRODUCT_NAME = "$(TARGET_NAME)";
			};
			name = Debug;
		};
		9507AEFE1BDFA40F00052869 /* Release */ = {
			isa = XCBuildConfiguration;
			buildSettings = {
				CODE_SIGN_IDENTITY = "-";
				PRODUCT_NAME = "$(TARGET_NAME)";
			};
			name = Release;
		};
		952F9D331BE25510003BA320 /* Debug */ = {
			isa = XCBuildConfiguration;
			buildSettings = {
				CODE_SIGN_IDENTITY = "-";
				PRODUCT_NAME = "$(TARGET_NAME)";
			};
			name = Debug;
		};
		952F9D341BE25510003BA320 /* Release */ = {
			isa = XCBuildConfiguration;
			buildSettings = {
				CODE_SIGN_IDENTITY = "-";
				PRODUCT_NAME = "$(TARGET_NAME)";
			};
			name = Release;
		};
		953D85201BDCFCB000BED5F8 /* Debug */ = {
			isa = XCBuildConfiguration;
			buildSettings = {
				CODE_SIGN_IDENTITY = "-";
				PRODUCT_NAME = "$(TARGET_NAME)";
			};
			name = Debug;
		};
		953D85211BDCFCB000BED5F8 /* Release */ = {
			isa = XCBuildConfiguration;
			buildSettings = {
				CODE_SIGN_IDENTITY = "-";
				PRODUCT_NAME = "$(TARGET_NAME)";
			};
			name = Release;
		};
		954FC65A1BD7CDC600F41C01 /* Debug */ = {
			isa = XCBuildConfiguration;
			buildSettings = {
				PRODUCT_NAME = "$(TARGET_NAME)";
			};
			name = Debug;
		};
		954FC65B1BD7CDC600F41C01 /* Release */ = {
			isa = XCBuildConfiguration;
			buildSettings = {
				PRODUCT_NAME = "$(TARGET_NAME)";
			};
			name = Release;
		};
		955107931BE78060006436A3 /* Debug */ = {
			isa = XCBuildConfiguration;
			buildSettings = {
				CODE_SIGN_IDENTITY = "-";
				PRODUCT_NAME = "$(TARGET_NAME)";
			};
			name = Debug;
		};
		955107941BE78060006436A3 /* Release */ = {
			isa = XCBuildConfiguration;
			buildSettings = {
				CODE_SIGN_IDENTITY = "-";
				PRODUCT_NAME = "$(TARGET_NAME)";
			};
			name = Release;
		};
		9551079F1BE7840A006436A3 /* Debug */ = {
			isa = XCBuildConfiguration;
			buildSettings = {
				CODE_SIGN_IDENTITY = "-";
				PRODUCT_NAME = "$(TARGET_NAME)";
			};
			name = Debug;
		};
		955107A01BE7840A006436A3 /* Release */ = {
			isa = XCBuildConfiguration;
			buildSettings = {
				CODE_SIGN_IDENTITY = "-";
				PRODUCT_NAME = "$(TARGET_NAME)";
			};
			name = Release;
		};
		955107AA1BE78430006436A3 /* Debug */ = {
			isa = XCBuildConfiguration;
			buildSettings = {
				CODE_SIGN_IDENTITY = "-";
				PRODUCT_NAME = "$(TARGET_NAME)";
			};
			name = Debug;
		};
		955107AB1BE78430006436A3 /* Release */ = {
			isa = XCBuildConfiguration;
			buildSettings = {
				CODE_SIGN_IDENTITY = "-";
				PRODUCT_NAME = "$(TARGET_NAME)";
			};
			name = Release;
		};
		955107B51BE78458006436A3 /* Debug */ = {
			isa = XCBuildConfiguration;
			buildSettings = {
				CODE_SIGN_IDENTITY = "-";
				PRODUCT_NAME = "$(TARGET_NAME)";
			};
			name = Debug;
		};
		955107B61BE78458006436A3 /* Release */ = {
			isa = XCBuildConfiguration;
			buildSettings = {
				CODE_SIGN_IDENTITY = "-";
				PRODUCT_NAME = "$(TARGET_NAME)";
			};
			name = Release;
		};
		95880D5F1BD3911500929F93 /* Debug */ = {
			isa = XCBuildConfiguration;
			buildSettings = {
				PRODUCT_NAME = "$(TARGET_NAME)";
			};
			name = Debug;
		};
		95880D601BD3911500929F93 /* Release */ = {
			isa = XCBuildConfiguration;
			buildSettings = {
				PRODUCT_NAME = "$(TARGET_NAME)";
			};
			name = Release;
		};
		9599D1441BD65F58000FDC00 /* Debug */ = {
			isa = XCBuildConfiguration;
			buildSettings = {
				PRODUCT_NAME = "$(TARGET_NAME)";
			};
			name = Debug;
		};
		9599D1451BD65F58000FDC00 /* Release */ = {
			isa = XCBuildConfiguration;
			buildSettings = {
				PRODUCT_NAME = "$(TARGET_NAME)";
			};
			name = Release;
		};
		9599D1501BD66AB5000FDC00 /* Debug */ = {
			isa = XCBuildConfiguration;
			buildSettings = {
				PRODUCT_NAME = "$(TARGET_NAME)";
			};
			name = Debug;
		};
		9599D1511BD66AB5000FDC00 /* Release */ = {
			isa = XCBuildConfiguration;
			buildSettings = {
				PRODUCT_NAME = "$(TARGET_NAME)";
			};
			name = Release;
		};
		959E8B5A1BE8EE5D003D1BB0 /* Debug */ = {
			isa = XCBuildConfiguration;
			buildSettings = {
				CODE_SIGN_IDENTITY = "-";
				PRODUCT_NAME = "$(TARGET_NAME)";
			};
			name = Debug;
		};
		959E8B5B1BE8EE5D003D1BB0 /* Release */ = {
			isa = XCBuildConfiguration;
			buildSettings = {
				CODE_SIGN_IDENTITY = "-";
				PRODUCT_NAME = "$(TARGET_NAME)";
			};
			name = Release;
		};
		95ACF2301BCE9FA9006B5261 /* Debug */ = {
			isa = XCBuildConfiguration;
			buildSettings = {
				ALWAYS_SEARCH_USER_PATHS = NO;
				CLANG_CXX_LANGUAGE_STANDARD = "gnu++0x";
				CLANG_CXX_LIBRARY = "libc++";
				CLANG_ENABLE_MODULES = YES;
				CLANG_ENABLE_OBJC_ARC = YES;
				CLANG_WARN_BOOL_CONVERSION = YES;
				CLANG_WARN_CONSTANT_CONVERSION = YES;
				CLANG_WARN_DIRECT_OBJC_ISA_USAGE = YES_ERROR;
				CLANG_WARN_EMPTY_BODY = YES;
				CLANG_WARN_ENUM_CONVERSION = YES;
				CLANG_WARN_INT_CONVERSION = YES;
				CLANG_WARN_OBJC_ROOT_CLASS = YES_ERROR;
				CLANG_WARN_UNREACHABLE_CODE = YES;
				CLANG_WARN__DUPLICATE_METHOD_MATCH = YES;
				COPY_PHASE_STRIP = NO;
				DEBUG_INFORMATION_FORMAT = dwarf;
				ENABLE_STRICT_OBJC_MSGSEND = YES;
				ENABLE_TESTABILITY = YES;
				GCC_C_LANGUAGE_STANDARD = gnu99;
				GCC_DYNAMIC_NO_PIC = NO;
				GCC_NO_COMMON_BLOCKS = YES;
				GCC_OPTIMIZATION_LEVEL = 0;
				GCC_PREPROCESSOR_DEFINITIONS = (
					"DEBUG=1",
					"$(inherited)",
				);
				GCC_WARN_64_TO_32_BIT_CONVERSION = YES;
				GCC_WARN_ABOUT_RETURN_TYPE = YES_ERROR;
				GCC_WARN_UNDECLARED_SELECTOR = YES;
				GCC_WARN_UNINITIALIZED_AUTOS = YES_AGGRESSIVE;
				GCC_WARN_UNUSED_FUNCTION = YES;
				GCC_WARN_UNUSED_VARIABLE = YES;
				MACOSX_DEPLOYMENT_TARGET = 10.11;
				MTL_ENABLE_DEBUG_INFO = YES;
				ONLY_ACTIVE_ARCH = YES;
				SDKROOT = macosx;
				SWIFT_OPTIMIZATION_LEVEL = "-Onone";
			};
			name = Debug;
		};
		95ACF2311BCE9FA9006B5261 /* Release */ = {
			isa = XCBuildConfiguration;
			buildSettings = {
				ALWAYS_SEARCH_USER_PATHS = NO;
				CLANG_CXX_LANGUAGE_STANDARD = "gnu++0x";
				CLANG_CXX_LIBRARY = "libc++";
				CLANG_ENABLE_MODULES = YES;
				CLANG_ENABLE_OBJC_ARC = YES;
				CLANG_WARN_BOOL_CONVERSION = YES;
				CLANG_WARN_CONSTANT_CONVERSION = YES;
				CLANG_WARN_DIRECT_OBJC_ISA_USAGE = YES_ERROR;
				CLANG_WARN_EMPTY_BODY = YES;
				CLANG_WARN_ENUM_CONVERSION = YES;
				CLANG_WARN_INT_CONVERSION = YES;
				CLANG_WARN_OBJC_ROOT_CLASS = YES_ERROR;
				CLANG_WARN_UNREACHABLE_CODE = YES;
				CLANG_WARN__DUPLICATE_METHOD_MATCH = YES;
				COPY_PHASE_STRIP = NO;
				DEBUG_INFORMATION_FORMAT = "dwarf-with-dsym";
				ENABLE_NS_ASSERTIONS = NO;
				ENABLE_STRICT_OBJC_MSGSEND = YES;
				GCC_C_LANGUAGE_STANDARD = gnu99;
				GCC_NO_COMMON_BLOCKS = YES;
				GCC_WARN_64_TO_32_BIT_CONVERSION = YES;
				GCC_WARN_ABOUT_RETURN_TYPE = YES_ERROR;
				GCC_WARN_UNDECLARED_SELECTOR = YES;
				GCC_WARN_UNINITIALIZED_AUTOS = YES_AGGRESSIVE;
				GCC_WARN_UNUSED_FUNCTION = YES;
				GCC_WARN_UNUSED_VARIABLE = YES;
				MACOSX_DEPLOYMENT_TARGET = 10.11;
				MTL_ENABLE_DEBUG_INFO = NO;
				SDKROOT = macosx;
			};
			name = Release;
		};
		95ACF2331BCE9FA9006B5261 /* Debug */ = {
			isa = XCBuildConfiguration;
			buildSettings = {
				PRODUCT_NAME = "$(TARGET_NAME)";
			};
			name = Debug;
		};
		95ACF2341BCE9FA9006B5261 /* Release */ = {
			isa = XCBuildConfiguration;
			buildSettings = {
				PRODUCT_NAME = "$(TARGET_NAME)";
			};
			name = Release;
		};
		95B7203B1BCFDFF2005A2DA3 /* Debug */ = {
			isa = XCBuildConfiguration;
			buildSettings = {
				PRODUCT_NAME = "$(TARGET_NAME)";
			};
			name = Debug;
		};
		95B7203C1BCFDFF2005A2DA3 /* Release */ = {
			isa = XCBuildConfiguration;
			buildSettings = {
				PRODUCT_NAME = "$(TARGET_NAME)";
			};
			name = Release;
		};
		95B720461BCFEDDA005A2DA3 /* Debug */ = {
			isa = XCBuildConfiguration;
			buildSettings = {
				PRODUCT_NAME = "$(TARGET_NAME)";
			};
			name = Debug;
		};
		95B720471BCFEDDA005A2DA3 /* Release */ = {
			isa = XCBuildConfiguration;
			buildSettings = {
				PRODUCT_NAME = "$(TARGET_NAME)";
			};
			name = Release;
		};
		95C741BC1BF0E1A200D7AA14 /* Debug */ = {
			isa = XCBuildConfiguration;
			buildSettings = {
				CODE_SIGN_IDENTITY = "-";
				PRODUCT_NAME = "$(TARGET_NAME)";
			};
			name = Debug;
		};
		95C741BD1BF0E1A200D7AA14 /* Release */ = {
			isa = XCBuildConfiguration;
			buildSettings = {
				CODE_SIGN_IDENTITY = "-";
				PRODUCT_NAME = "$(TARGET_NAME)";
			};
			name = Release;
		};
		95EF6F471BD137B6000E378A /* Debug */ = {
			isa = XCBuildConfiguration;
			buildSettings = {
				PRODUCT_NAME = "$(TARGET_NAME)";
			};
			name = Debug;
		};
		95EF6F481BD137B6000E378A /* Release */ = {
			isa = XCBuildConfiguration;
			buildSettings = {
				PRODUCT_NAME = "$(TARGET_NAME)";
			};
			name = Release;
		};
		95F2D3611BE0F7F8007AD45E /* Debug */ = {
			isa = XCBuildConfiguration;
			buildSettings = {
				CODE_SIGN_IDENTITY = "-";
				PRODUCT_NAME = "$(TARGET_NAME)";
			};
			name = Debug;
		};
		95F2D3621BE0F7F8007AD45E /* Release */ = {
			isa = XCBuildConfiguration;
			buildSettings = {
				CODE_SIGN_IDENTITY = "-";
				PRODUCT_NAME = "$(TARGET_NAME)";
			};
			name = Release;
		};
/* End XCBuildConfiguration section */

/* Begin XCConfigurationList section */
		9507AEFF1BDFA40F00052869 /* Build configuration list for PBXNativeTarget "Closure" */ = {
			isa = XCConfigurationList;
			buildConfigurations = (
				9507AEFD1BDFA40F00052869 /* Debug */,
				9507AEFE1BDFA40F00052869 /* Release */,
			);
			defaultConfigurationIsVisible = 0;
			defaultConfigurationName = Release;
		};
		952F9D351BE25510003BA320 /* Build configuration list for PBXNativeTarget "ClassAndStructures" */ = {
			isa = XCConfigurationList;
			buildConfigurations = (
				952F9D331BE25510003BA320 /* Debug */,
				952F9D341BE25510003BA320 /* Release */,
			);
			defaultConfigurationIsVisible = 0;
			defaultConfigurationName = Release;
		};
		953D85221BDCFCB000BED5F8 /* Build configuration list for PBXNativeTarget "function" */ = {
			isa = XCConfigurationList;
			buildConfigurations = (
				953D85201BDCFCB000BED5F8 /* Debug */,
				953D85211BDCFCB000BED5F8 /* Release */,
			);
			defaultConfigurationIsVisible = 0;
			defaultConfigurationName = Release;
		};
		954FC65C1BD7CDC600F41C01 /* Build configuration list for PBXNativeTarget "ControlTransfer(continueBreakReturnThrow)" */ = {
			isa = XCConfigurationList;
			buildConfigurations = (
				954FC65A1BD7CDC600F41C01 /* Debug */,
				954FC65B1BD7CDC600F41C01 /* Release */,
			);
			defaultConfigurationIsVisible = 0;
			defaultConfigurationName = Release;
		};
		955107951BE78060006436A3 /* Build configuration list for PBXNativeTarget "Properties" */ = {
			isa = XCConfigurationList;
			buildConfigurations = (
				955107931BE78060006436A3 /* Debug */,
				955107941BE78060006436A3 /* Release */,
			);
			defaultConfigurationIsVisible = 0;
			defaultConfigurationName = Release;
		};
		9551079E1BE7840A006436A3 /* Build configuration list for PBXNativeTarget "Methods" */ = {
			isa = XCConfigurationList;
			buildConfigurations = (
				9551079F1BE7840A006436A3 /* Debug */,
				955107A01BE7840A006436A3 /* Release */,
			);
			defaultConfigurationIsVisible = 0;
			defaultConfigurationName = Release;
		};
		955107A91BE78430006436A3 /* Build configuration list for PBXNativeTarget "Subscripts" */ = {
			isa = XCConfigurationList;
			buildConfigurations = (
				955107AA1BE78430006436A3 /* Debug */,
				955107AB1BE78430006436A3 /* Release */,
			);
			defaultConfigurationIsVisible = 0;
			defaultConfigurationName = Release;
		};
		955107B41BE78458006436A3 /* Build configuration list for PBXNativeTarget "Inheritance" */ = {
			isa = XCConfigurationList;
			buildConfigurations = (
				955107B51BE78458006436A3 /* Debug */,
				955107B61BE78458006436A3 /* Release */,
			);
			defaultConfigurationIsVisible = 0;
			defaultConfigurationName = Release;
		};
		95880D611BD3911500929F93 /* Build configuration list for PBXNativeTarget "Set" */ = {
			isa = XCConfigurationList;
			buildConfigurations = (
				95880D5F1BD3911500929F93 /* Debug */,
				95880D601BD3911500929F93 /* Release */,
			);
			defaultConfigurationIsVisible = 0;
			defaultConfigurationName = Release;
		};
		9599D1461BD65F58000FDC00 /* Build configuration list for PBXNativeTarget "ControlFlow" */ = {
			isa = XCConfigurationList;
			buildConfigurations = (
				9599D1441BD65F58000FDC00 /* Debug */,
				9599D1451BD65F58000FDC00 /* Release */,
			);
			defaultConfigurationIsVisible = 0;
			defaultConfigurationName = Release;
		};
		9599D14F1BD66AB5000FDC00 /* Build configuration list for PBXNativeTarget "ConditionalStatements" */ = {
			isa = XCConfigurationList;
			buildConfigurations = (
				9599D1501BD66AB5000FDC00 /* Debug */,
				9599D1511BD66AB5000FDC00 /* Release */,
			);
			defaultConfigurationIsVisible = 0;
			defaultConfigurationName = Release;
		};
		959E8B5C1BE8EE5D003D1BB0 /* Build configuration list for PBXNativeTarget "Initialization" */ = {
			isa = XCConfigurationList;
			buildConfigurations = (
				959E8B5A1BE8EE5D003D1BB0 /* Debug */,
				959E8B5B1BE8EE5D003D1BB0 /* Release */,
			);
			defaultConfigurationIsVisible = 0;
			defaultConfigurationName = Release;
		};
		95ACF2261BCE9FA9006B5261 /* Build configuration list for PBXProject "SwiftBasisStudy" */ = {
			isa = XCConfigurationList;
			buildConfigurations = (
				95ACF2301BCE9FA9006B5261 /* Debug */,
				95ACF2311BCE9FA9006B5261 /* Release */,
			);
			defaultConfigurationIsVisible = 0;
			defaultConfigurationName = Release;
		};
		95ACF2321BCE9FA9006B5261 /* Build configuration list for PBXNativeTarget "SwiftBasisStudy" */ = {
			isa = XCConfigurationList;
			buildConfigurations = (
				95ACF2331BCE9FA9006B5261 /* Debug */,
				95ACF2341BCE9FA9006B5261 /* Release */,
			);
			defaultConfigurationIsVisible = 0;
			defaultConfigurationName = Release;
		};
		95B7203A1BCFDFF2005A2DA3 /* Build configuration list for PBXNativeTarget "ArrayStudy" */ = {
			isa = XCConfigurationList;
			buildConfigurations = (
				95B7203B1BCFDFF2005A2DA3 /* Debug */,
				95B7203C1BCFDFF2005A2DA3 /* Release */,
			);
			defaultConfigurationIsVisible = 0;
			defaultConfigurationName = Release;
		};
		95B720451BCFEDDA005A2DA3 /* Build configuration list for PBXNativeTarget "DictionaryStudy" */ = {
			isa = XCConfigurationList;
			buildConfigurations = (
				95B720461BCFEDDA005A2DA3 /* Debug */,
				95B720471BCFEDDA005A2DA3 /* Release */,
			);
			defaultConfigurationIsVisible = 0;
			defaultConfigurationName = Release;
		};
		95C741BE1BF0E1A200D7AA14 /* Build configuration list for PBXNativeTarget "Deinitialization" */ = {
			isa = XCConfigurationList;
			buildConfigurations = (
				95C741BC1BF0E1A200D7AA14 /* Debug */,
				95C741BD1BF0E1A200D7AA14 /* Release */,
			);
			defaultConfigurationIsVisible = 0;
		};
		95EF6F461BD137B6000E378A /* Build configuration list for PBXNativeTarget "StringAndCharacter" */ = {
			isa = XCConfigurationList;
			buildConfigurations = (
				95EF6F471BD137B6000E378A /* Debug */,
				95EF6F481BD137B6000E378A /* Release */,
			);
			defaultConfigurationIsVisible = 0;
			defaultConfigurationName = Release;
		};
		95F2D3631BE0F7F8007AD45E /* Build configuration list for PBXNativeTarget "Enumerations" */ = {
			isa = XCConfigurationList;
			buildConfigurations = (
				95F2D3611BE0F7F8007AD45E /* Debug */,
				95F2D3621BE0F7F8007AD45E /* Release */,
			);
			defaultConfigurationIsVisible = 0;
			defaultConfigurationName = Release;
		};
/* End XCConfigurationList section */
	};
	rootObject = 95ACF2231BCE9FA9006B5261 /* Project object */;
}
